<?xml version="1.0" encoding="utf-8"?>
<Project ToolsVersion="4.0" xmlns="http://schemas.microsoft.com/developer/msbuild/2003">
  <ItemGroup>
    <ClCompile Include="src\ofApp.cpp">
      <Filter>src</Filter>
    </ClCompile>
    <ClCompile Include="src\main.cpp">
      <Filter>src</Filter>
    </ClCompile>
    <ClCompile Include="src\Input\InputMapper.cpp" />
    <ClCompile Include="src\Synth\SynthEngine.cpp" />
    <ClCompile Include="src\Synth\Envelope.cpp" />
    <ClCompile Include="src\Synth\SynthVoice.cpp" />
    <ClCompile Include="src\Synth\VoiceManager.cpp" />
    <ClCompile Include="src\Synth\NoiseVoice.cpp" />
    <ClCompile Include="src\Synth\SamplerVoice.cpp" />
    <ClCompile Include="src\Synth\SawVoice.cpp" />
    <ClCompile Include="src\Synth\SineVoice.cpp" />
    <ClCompile Include="src\Synth\SquareVoice.cpp" />
    <ClCompile Include="src\Synth\WavLoader.cpp" />
    <ClCompile Include="src\Synth\AudioRingBuffer.cpp" />
    <ClCompile Include="src\Synth\Spectrum.cpp" />
    <ClCompile Include="src\Visualization\Visualizer.cpp" />
    <ClCompile Include="src\Input\InteractionPad.cpp" />
  </ItemGroup>
  <ItemGroup>
    <Filter Include="src">
      <UniqueIdentifier>{d8376475-7454-4a24-b08a-aac121d3ad6f}</UniqueIdentifier>
    </Filter>
  </ItemGroup>
  <ItemGroup>
    <ClInclude Include="src\ofApp.h">
      <Filter>src</Filter>
    </ClInclude>
    <ClInclude Include="src\Input\InputMapper.h" />
    <ClInclude Include="src\Synth\SynthEngine.h" />
    <ClInclude Include="src\Synth\SynthVoice.h" />
    <ClInclude Include="src\Synth\Envelope.h" />
    <ClInclude Include="src\Synth\VoiceManager.h" />
    <ClInclude Include="src\Synth\MidiUtils.h" />
    <ClInclude Include="src\Synth\NoiseVoice.h" />
    <ClInclude Include="src\Synth\SamplerVoice.h" />
    <ClInclude Include="src\Synth\SawVoice.h" />
    <ClInclude Include="src\Synth\SineVoice.h" />
    <ClInclude Include="src\Synth\SquareVoice.h" />
    <ClInclude Include="src\Synth\WavLoader.h" />
    <ClInclude Include="src\Synth\AudioRingBuffer.h" />
    <ClInclude Include="src\Synth\Spectrum.h" />
    <ClInclude Include="src\Visualization\Visualizer.h" />
    <ClInclude Include="src\Input\InteractionPad.h" />
  </ItemGroup>
  <ItemGroup>
    <ResourceCompile Include="icon.rc" />
  </ItemGroup>
</Project>